
Microsoft Visual Studio Solution File, Format Version 12.00
# Visual Studio Version 17
VisualStudioVersion = 17.11.35327.3
MinimumVisualStudioVersion = 10.0.40219.1
Project("{FAE04EC0-301F-11D3-BF4B-00C04F79EFBC}") = "Exercise_DaoNgocHuynhAnh", "Exercise_DaoNgocHuynhAnh\Exercise_DaoNgocHuynhAnh.csproj", "{FF933873-5864-4150-9332-5C487E89AA3A}"
EndProject
Global
	GlobalSection(SolutionConfigurationPlatforms) = preSolution
		Debug|Any CPU = Debug|Any CPU
		Release|Any CPU = Release|Any CPU
	EndGlobalSection
	GlobalSection(ProjectConfigurationPlatforms) = postSolution
		{FF933873-5864-4150-9332-5C487E89AA3A}.Debug|Any CPU.ActiveCfg = Debug|Any CPU
		{FF933873-5864-4150-9332-5C487E89AA3A}.Debug|Any CPU.Build.0 = Debug|Any CPU
		{FF933873-5864-4150-9332-5C487E89AA3A}.Release|Any CPU.ActiveCfg = Release|Any CPU
		{FF933873-5864-4150-9332-5C487E89AA3A}.Release|Any CPU.Build.0 = Release|Any CPU
	EndGlobalSection
	GlobalSection(SolutionProperties) = preSolution
		HideSolutionNode = FALSE
	EndGlobalSection
	GlobalSection(ExtensibilityGlobals) = postSolution
		SolutionGuid = {13F104EF-6DE3-4532-924D-6EE2805E5ECE}
	EndGlobalSection
EndGlobal
